
Microsoft Visual Studio Solution File, Format Version 12.00
# Visual Studio Version 17
VisualStudioVersion = 17.0.31903.59
MinimumVisualStudioVersion = 10.0.40219.1
Project("{2150E333-8FDC-42A3-9474-1A3956D46DE8}") = "src", "src", "{E305A71A-8BA9-4FA4-B073-52C05CFFF71E}"
EndProject
Project("{2150E333-8FDC-42A3-9474-1A3956D46DE8}") = "Lambda", "Lambda", "{0EB12A7A-FCD4-4E96-9CE9-72D8DC9E4960}"
EndProject
Project("{2150E333-8FDC-42A3-9474-1A3956D46DE8}") = "HelloLambda", "HelloLambda", "{D525AFB5-2702-4C41-9F97-32FC0C611D4A}"
EndProject
Project("{2150E333-8FDC-42A3-9474-1A3956D46DE8}") = "src", "src", "{40EA0247-299B-4A2D-AE73-8D0B3597FA70}"
EndProject
Project("{FAE04EC0-301F-11D3-BF4B-00C04F79EFBC}") = "HelloLambda", "src\Lambda\HelloLambda\src\HelloLambda\HelloLambda.csproj", "{73B480EE-2F5D-4D7A-9EF8-C5BD7C30944F}"
EndProject
Project("{2150E333-8FDC-42A3-9474-1A3956D46DE8}") = "StudentLambda", "StudentLambda", "{2F6BF034-634C-473F-B262-ED0B7DDEF1B5}"
EndProject
Project("{2150E333-8FDC-42A3-9474-1A3956D46DE8}") = "src", "src", "{BCA5788D-4AC5-4096-AB0E-723D12C481E8}"
EndProject
Project("{FAE04EC0-301F-11D3-BF4B-00C04F79EFBC}") = "StudentLambda", "src\Lambda\StudentLambda\src\StudentLambda\StudentLambda.csproj", "{A9AB07B8-E746-4954-B5ED-C58DE8332333}"
EndProject
Project("{FAE04EC0-301F-11D3-BF4B-00C04F79EFBC}") = "Domain", "src\Domain\Domain.csproj", "{7FD1EB03-31F7-4A3F-A35E-0200FED6454D}"
EndProject
Project("{FAE04EC0-301F-11D3-BF4B-00C04F79EFBC}") = "Infrastructure", "src\Infrastructure\Infrastructure.csproj", "{1CF45BE9-523F-42A3-BAA0-78020BF839C1}"
EndProject
Project("{2150E333-8FDC-42A3-9474-1A3956D46DE8}") = "BookLambda", "BookLambda", "{530895D5-DF74-4C1E-81CF-19215E4C0F91}"
EndProject
Project("{2150E333-8FDC-42A3-9474-1A3956D46DE8}") = "src", "src", "{C7C9EEA0-6B0F-48D7-BBC7-6E8AEF2CE264}"
EndProject
Project("{FAE04EC0-301F-11D3-BF4B-00C04F79EFBC}") = "BookLambda", "src\Lambda\BookLambda\src\BookLambda\BookLambda.csproj", "{2C08779E-4A31-498F-B0DF-86E05659FE46}"
EndProject
Global
	GlobalSection(SolutionConfigurationPlatforms) = preSolution
		Debug|Any CPU = Debug|Any CPU
		Release|Any CPU = Release|Any CPU
	EndGlobalSection
	GlobalSection(SolutionProperties) = preSolution
		HideSolutionNode = FALSE
	EndGlobalSection
	GlobalSection(ProjectConfigurationPlatforms) = postSolution
		{73B480EE-2F5D-4D7A-9EF8-C5BD7C30944F}.Debug|Any CPU.ActiveCfg = Debug|Any CPU
		{73B480EE-2F5D-4D7A-9EF8-C5BD7C30944F}.Debug|Any CPU.Build.0 = Debug|Any CPU
		{73B480EE-2F5D-4D7A-9EF8-C5BD7C30944F}.Release|Any CPU.ActiveCfg = Release|Any CPU
		{73B480EE-2F5D-4D7A-9EF8-C5BD7C30944F}.Release|Any CPU.Build.0 = Release|Any CPU
		{A9AB07B8-E746-4954-B5ED-C58DE8332333}.Debug|Any CPU.ActiveCfg = Debug|Any CPU
		{A9AB07B8-E746-4954-B5ED-C58DE8332333}.Debug|Any CPU.Build.0 = Debug|Any CPU
		{A9AB07B8-E746-4954-B5ED-C58DE8332333}.Release|Any CPU.ActiveCfg = Release|Any CPU
		{A9AB07B8-E746-4954-B5ED-C58DE8332333}.Release|Any CPU.Build.0 = Release|Any CPU
		{7FD1EB03-31F7-4A3F-A35E-0200FED6454D}.Debug|Any CPU.ActiveCfg = Debug|Any CPU
		{7FD1EB03-31F7-4A3F-A35E-0200FED6454D}.Debug|Any CPU.Build.0 = Debug|Any CPU
		{7FD1EB03-31F7-4A3F-A35E-0200FED6454D}.Release|Any CPU.ActiveCfg = Release|Any CPU
		{7FD1EB03-31F7-4A3F-A35E-0200FED6454D}.Release|Any CPU.Build.0 = Release|Any CPU
		{1CF45BE9-523F-42A3-BAA0-78020BF839C1}.Debug|Any CPU.ActiveCfg = Debug|Any CPU
		{1CF45BE9-523F-42A3-BAA0-78020BF839C1}.Debug|Any CPU.Build.0 = Debug|Any CPU
		{1CF45BE9-523F-42A3-BAA0-78020BF839C1}.Release|Any CPU.ActiveCfg = Release|Any CPU
		{1CF45BE9-523F-42A3-BAA0-78020BF839C1}.Release|Any CPU.Build.0 = Release|Any CPU
		{2C08779E-4A31-498F-B0DF-86E05659FE46}.Debug|Any CPU.ActiveCfg = Debug|Any CPU
		{2C08779E-4A31-498F-B0DF-86E05659FE46}.Debug|Any CPU.Build.0 = Debug|Any CPU
		{2C08779E-4A31-498F-B0DF-86E05659FE46}.Release|Any CPU.ActiveCfg = Release|Any CPU
		{2C08779E-4A31-498F-B0DF-86E05659FE46}.Release|Any CPU.Build.0 = Release|Any CPU
	EndGlobalSection
	GlobalSection(NestedProjects) = preSolution
		{0EB12A7A-FCD4-4E96-9CE9-72D8DC9E4960} = {E305A71A-8BA9-4FA4-B073-52C05CFFF71E}
		{D525AFB5-2702-4C41-9F97-32FC0C611D4A} = {0EB12A7A-FCD4-4E96-9CE9-72D8DC9E4960}
		{40EA0247-299B-4A2D-AE73-8D0B3597FA70} = {D525AFB5-2702-4C41-9F97-32FC0C611D4A}
		{73B480EE-2F5D-4D7A-9EF8-C5BD7C30944F} = {40EA0247-299B-4A2D-AE73-8D0B3597FA70}
		{2F6BF034-634C-473F-B262-ED0B7DDEF1B5} = {0EB12A7A-FCD4-4E96-9CE9-72D8DC9E4960}
		{BCA5788D-4AC5-4096-AB0E-723D12C481E8} = {2F6BF034-634C-473F-B262-ED0B7DDEF1B5}
		{A9AB07B8-E746-4954-B5ED-C58DE8332333} = {BCA5788D-4AC5-4096-AB0E-723D12C481E8}
		{7FD1EB03-31F7-4A3F-A35E-0200FED6454D} = {E305A71A-8BA9-4FA4-B073-52C05CFFF71E}
		{1CF45BE9-523F-42A3-BAA0-78020BF839C1} = {E305A71A-8BA9-4FA4-B073-52C05CFFF71E}
		{530895D5-DF74-4C1E-81CF-19215E4C0F91} = {0EB12A7A-FCD4-4E96-9CE9-72D8DC9E4960}
		{C7C9EEA0-6B0F-48D7-BBC7-6E8AEF2CE264} = {530895D5-DF74-4C1E-81CF-19215E4C0F91}
		{2C08779E-4A31-498F-B0DF-86E05659FE46} = {C7C9EEA0-6B0F-48D7-BBC7-6E8AEF2CE264}
	EndGlobalSection
EndGlobal
